
Microsoft Visual Studio Solution File, Format Version 12.00
# Visual Studio Version 16
VisualStudioVersion = 16.0.29318.209
MinimumVisualStudioVersion = 10.0.40219.1
Project("{FAE04EC0-301F-11D3-BF4B-00C04F79EFBC}") = "CopyChildrenToTopOutPutFolder_Fx", "CopyChildrenToTopOutPutFolder_Fx\CopyChildrenToTopOutPutFolder_Fx.csproj", "{C3317190-C1FA-4BBC-ADB7-554CEBB44F5B}"
EndProject
Global
	GlobalSection(SolutionConfigurationPlatforms) = preSolution
		Debug|Any CPU = Debug|Any CPU
		Release|Any CPU = Release|Any CPU
	EndGlobalSection
	GlobalSection(ProjectConfigurationPlatforms) = postSolution
		{C3317190-C1FA-4BBC-ADB7-554CEBB44F5B}.Debug|Any CPU.ActiveCfg = Debug|Any CPU
		{C3317190-C1FA-4BBC-ADB7-554CEBB44F5B}.Debug|Any CPU.Build.0 = Debug|Any CPU
		{C3317190-C1FA-4BBC-ADB7-554CEBB44F5B}.Release|Any CPU.ActiveCfg = Release|Any CPU
		{C3317190-C1FA-4BBC-ADB7-554CEBB44F5B}.Release|Any CPU.Build.0 = Release|Any CPU
	EndGlobalSection
	GlobalSection(SolutionProperties) = preSolution
		HideSolutionNode = FALSE
	EndGlobalSection
	GlobalSection(ExtensibilityGlobals) = postSolution
		SolutionGuid = {E4169412-53A9-4E21-B24E-7594399F3683}
	EndGlobalSection
EndGlobal
